
Microsoft Visual Studio Solution File, Format Version 12.00
# Visual Studio 15
VisualStudioVersion = 15.0.26403.7
MinimumVisualStudioVersion = 10.0.40219.1
Project("{FAE04EC0-301F-11D3-BF4B-00C04F79EFBC}") = "TaskManager", "TaskManager\TaskManager.csproj", "{F699A54B-710A-4B30-A569-40B278FEB102}"
EndProject
Project("{FAE04EC0-301F-11D3-BF4B-00C04F79EFBC}") = "server", "server\server.csproj", "{600EC8D0-ABEF-4790-BC99-4E2C831D2B63}"
Project("{FAE04EC0-301F-11D3-BF4B-00C04F79EFBC}") = "DataLair", "DataLair\DataLair.csproj", "{A7142518-AFAE-4F49-A338-F96194B84AA0}"
EndProject
Global
	GlobalSection(SolutionConfigurationPlatforms) = preSolution
		Debug|Any CPU = Debug|Any CPU
		Release|Any CPU = Release|Any CPU
	EndGlobalSection
	GlobalSection(ProjectConfigurationPlatforms) = postSolution
		{F699A54B-710A-4B30-A569-40B278FEB102}.Debug|Any CPU.ActiveCfg = Debug|Any CPU
		{F699A54B-710A-4B30-A569-40B278FEB102}.Debug|Any CPU.Build.0 = Debug|Any CPU
		{F699A54B-710A-4B30-A569-40B278FEB102}.Release|Any CPU.ActiveCfg = Release|Any CPU
		{F699A54B-710A-4B30-A569-40B278FEB102}.Release|Any CPU.Build.0 = Release|Any CPU
		{600EC8D0-ABEF-4790-BC99-4E2C831D2B63}.Debug|Any CPU.ActiveCfg = Debug|Any CPU
		{600EC8D0-ABEF-4790-BC99-4E2C831D2B63}.Debug|Any CPU.Build.0 = Debug|Any CPU
		{600EC8D0-ABEF-4790-BC99-4E2C831D2B63}.Release|Any CPU.ActiveCfg = Release|Any CPU
		{600EC8D0-ABEF-4790-BC99-4E2C831D2B63}.Release|Any CPU.Build.0 = Release|Any CPU
		{A7142518-AFAE-4F49-A338-F96194B84AA0}.Debug|Any CPU.ActiveCfg = Debug|Any CPU
		{A7142518-AFAE-4F49-A338-F96194B84AA0}.Debug|Any CPU.Build.0 = Debug|Any CPU
		{A7142518-AFAE-4F49-A338-F96194B84AA0}.Release|Any CPU.ActiveCfg = Release|Any CPU
		{A7142518-AFAE-4F49-A338-F96194B84AA0}.Release|Any CPU.Build.0 = Release|Any CPU
	EndGlobalSection
	GlobalSection(SolutionProperties) = preSolution
		HideSolutionNode = FALSE
	EndGlobalSection
EndGlobal
